{
  "requires": true,
  "lockfileVersion": 1,
  "dependencies": {
    "assertion-error": {
      "version": "1.1.0",
      "resolved": "https://registry.npmjs.org/assertion-error/-/assertion-error-1.1.0.tgz",
      "integrity": "sha512-jgsaNduz+ndvGyFt3uSuWqvy4lCnIJiovtouQN5JZHOKCS2QuhEdbcQHFhVksz2N2U9hXJo8odG7ETyWlEeuDw=="
    },
    "base-x": {
      "version": "3.0.6",
      "resolved": "https://registry.npmjs.org/base-x/-/base-x-3.0.6.tgz",
      "integrity": "sha512-4PaF8u2+AlViJxRVjurkLTxpp7CaFRD/jo5rPT9ONnKxyhQ8f59yzamEvq7EkriG56yn5On4ONyaG75HLqr46w==",
      "requires": {
        "safe-buffer": "^5.0.1"
      }
    },
    "bs58": {
      "version": "4.0.1",
      "resolved": "https://registry.npmjs.org/bs58/-/bs58-4.0.1.tgz",
      "integrity": "sha1-vhYedsNU9veIrkBx9j806MTwpCo=",
      "requires": {
        "base-x": "^3.0.2"
      }
    },
    "lodash.isequal": {
      "version": "4.5.0",
      "resolved": "https://registry.npmjs.org/lodash.isequal/-/lodash.isequal-4.5.0.tgz",
      "integrity": "sha1-QVxEePK8wwEgwizhDtMib30+GOA="
    },
    "safe-buffer": {
      "version": "5.2.0",
      "resolved": "https://registry.npmjs.org/safe-buffer/-/safe-buffer-5.2.0.tgz",
      "integrity": "sha512-fZEwUGbVl7kouZs1jCdMLdt95hdIv0ZeHg6L7qPeciMZhZ+/gdesW4wgTARkrFWEpspjEATAzUGPG8N2jJiwbg=="
    },
    "truffle-assertions": {
      "version": "0.9.1",
      "resolved": "https://registry.npmjs.org/truffle-assertions/-/truffle-assertions-0.9.1.tgz",
      "integrity": "sha512-MtcyXMTzRfg8WfE3TfrbVJm9HWMTPFksWg0K/8ZhajaxzFyPJ56/9AzNjQCROQluI0X1vs6XDsegwMlT1UFUNw==",
      "requires": {
        "assertion-error": "^1.1.0",
        "lodash.isequal": "^4.5.0"
      }
    }
  }
}
